
Microsoft Visual Studio Solution File, Format Version 12.00
# Visual Studio 2013
VisualStudioVersion = 12.0.30324.0
MinimumVisualStudioVersion = 10.0.40219.1
Project("{FAE04EC0-301F-11D3-BF4B-00C04F79EFBC}") = "WinRTXAMLValidation.Demo", "WinRTXAMLValidation.Demo\WinRTXAMLValidation.Demo.csproj", "{75CCCE90-11AA-405D-A128-FEA952708D15}"
EndProject
Project("{FAE04EC0-301F-11D3-BF4B-00C04F79EFBC}") = "WinRTXAMLValidation.Library", "WinRTXAMLValidation.Library\WinRTXAMLValidation.Library.csproj", "{9ED2A508-0007-4D9B-BD13-364D5A5313FF}"
EndProject
Project("{FAE04EC0-301F-11D3-BF4B-00C04F79EFBC}") = "Validation.Portable", "Validation.Portable\Validation.Portable.csproj", "{AF5DC848-4BA7-47A4-9ED6-752143E50F48}"
EndProject
Global
	GlobalSection(SolutionConfigurationPlatforms) = preSolution
		Debug|Any CPU = Debug|Any CPU
		Debug|ARM = Debug|ARM
		Debug|x64 = Debug|x64
		Debug|x86 = Debug|x86
		Release|Any CPU = Release|Any CPU
		Release|ARM = Release|ARM
		Release|x64 = Release|x64
		Release|x86 = Release|x86
	EndGlobalSection
	GlobalSection(ProjectConfigurationPlatforms) = postSolution
		{75CCCE90-11AA-405D-A128-FEA952708D15}.Debug|Any CPU.ActiveCfg = Debug|Any CPU
		{75CCCE90-11AA-405D-A128-FEA952708D15}.Debug|Any CPU.Build.0 = Debug|Any CPU
		{75CCCE90-11AA-405D-A128-FEA952708D15}.Debug|Any CPU.Deploy.0 = Debug|Any CPU
		{75CCCE90-11AA-405D-A128-FEA952708D15}.Debug|ARM.ActiveCfg = Debug|ARM
		{75CCCE90-11AA-405D-A128-FEA952708D15}.Debug|ARM.Build.0 = Debug|ARM
		{75CCCE90-11AA-405D-A128-FEA952708D15}.Debug|ARM.Deploy.0 = Debug|ARM
		{75CCCE90-11AA-405D-A128-FEA952708D15}.Debug|x64.ActiveCfg = Debug|x64
		{75CCCE90-11AA-405D-A128-FEA952708D15}.Debug|x64.Build.0 = Debug|x64
		{75CCCE90-11AA-405D-A128-FEA952708D15}.Debug|x64.Deploy.0 = Debug|x64
		{75CCCE90-11AA-405D-A128-FEA952708D15}.Debug|x86.ActiveCfg = Debug|x86
		{75CCCE90-11AA-405D-A128-FEA952708D15}.Debug|x86.Build.0 = Debug|x86
		{75CCCE90-11AA-405D-A128-FEA952708D15}.Debug|x86.Deploy.0 = Debug|x86
		{75CCCE90-11AA-405D-A128-FEA952708D15}.Release|Any CPU.ActiveCfg = Release|Any CPU
		{75CCCE90-11AA-405D-A128-FEA952708D15}.Release|Any CPU.Build.0 = Release|Any CPU
		{75CCCE90-11AA-405D-A128-FEA952708D15}.Release|Any CPU.Deploy.0 = Release|Any CPU
		{75CCCE90-11AA-405D-A128-FEA952708D15}.Release|ARM.ActiveCfg = Release|ARM
		{75CCCE90-11AA-405D-A128-FEA952708D15}.Release|ARM.Build.0 = Release|ARM
		{75CCCE90-11AA-405D-A128-FEA952708D15}.Release|ARM.Deploy.0 = Release|ARM
		{75CCCE90-11AA-405D-A128-FEA952708D15}.Release|x64.ActiveCfg = Release|x64
		{75CCCE90-11AA-405D-A128-FEA952708D15}.Release|x64.Build.0 = Release|x64
		{75CCCE90-11AA-405D-A128-FEA952708D15}.Release|x64.Deploy.0 = Release|x64
		{75CCCE90-11AA-405D-A128-FEA952708D15}.Release|x86.ActiveCfg = Release|x86
		{75CCCE90-11AA-405D-A128-FEA952708D15}.Release|x86.Build.0 = Release|x86
		{75CCCE90-11AA-405D-A128-FEA952708D15}.Release|x86.Deploy.0 = Release|x86
		{9ED2A508-0007-4D9B-BD13-364D5A5313FF}.Debug|Any CPU.ActiveCfg = Debug|Any CPU
		{9ED2A508-0007-4D9B-BD13-364D5A5313FF}.Debug|Any CPU.Build.0 = Debug|Any CPU
		{9ED2A508-0007-4D9B-BD13-364D5A5313FF}.Debug|ARM.ActiveCfg = Debug|ARM
		{9ED2A508-0007-4D9B-BD13-364D5A5313FF}.Debug|ARM.Build.0 = Debug|ARM
		{9ED2A508-0007-4D9B-BD13-364D5A5313FF}.Debug|x64.ActiveCfg = Debug|x64
		{9ED2A508-0007-4D9B-BD13-364D5A5313FF}.Debug|x64.Build.0 = Debug|x64
		{9ED2A508-0007-4D9B-BD13-364D5A5313FF}.Debug|x86.ActiveCfg = Debug|x86
		{9ED2A508-0007-4D9B-BD13-364D5A5313FF}.Debug|x86.Build.0 = Debug|x86
		{9ED2A508-0007-4D9B-BD13-364D5A5313FF}.Release|Any CPU.ActiveCfg = Release|Any CPU
		{9ED2A508-0007-4D9B-BD13-364D5A5313FF}.Release|Any CPU.Build.0 = Release|Any CPU
		{9ED2A508-0007-4D9B-BD13-364D5A5313FF}.Release|ARM.ActiveCfg = Release|ARM
		{9ED2A508-0007-4D9B-BD13-364D5A5313FF}.Release|ARM.Build.0 = Release|ARM
		{9ED2A508-0007-4D9B-BD13-364D5A5313FF}.Release|x64.ActiveCfg = Release|x64
		{9ED2A508-0007-4D9B-BD13-364D5A5313FF}.Release|x64.Build.0 = Release|x64
		{9ED2A508-0007-4D9B-BD13-364D5A5313FF}.Release|x86.ActiveCfg = Release|x86
		{9ED2A508-0007-4D9B-BD13-364D5A5313FF}.Release|x86.Build.0 = Release|x86
		{AF5DC848-4BA7-47A4-9ED6-752143E50F48}.Debug|Any CPU.ActiveCfg = Debug|Any CPU
		{AF5DC848-4BA7-47A4-9ED6-752143E50F48}.Debug|Any CPU.Build.0 = Debug|Any CPU
		{AF5DC848-4BA7-47A4-9ED6-752143E50F48}.Debug|ARM.ActiveCfg = Debug|Any CPU
		{AF5DC848-4BA7-47A4-9ED6-752143E50F48}.Debug|x64.ActiveCfg = Debug|Any CPU
		{AF5DC848-4BA7-47A4-9ED6-752143E50F48}.Debug|x86.ActiveCfg = Debug|Any CPU
		{AF5DC848-4BA7-47A4-9ED6-752143E50F48}.Release|Any CPU.ActiveCfg = Release|Any CPU
		{AF5DC848-4BA7-47A4-9ED6-752143E50F48}.Release|Any CPU.Build.0 = Release|Any CPU
		{AF5DC848-4BA7-47A4-9ED6-752143E50F48}.Release|ARM.ActiveCfg = Release|Any CPU
		{AF5DC848-4BA7-47A4-9ED6-752143E50F48}.Release|x64.ActiveCfg = Release|Any CPU
		{AF5DC848-4BA7-47A4-9ED6-752143E50F48}.Release|x86.ActiveCfg = Release|Any CPU
	EndGlobalSection
	GlobalSection(SolutionProperties) = preSolution
		HideSolutionNode = FALSE
	EndGlobalSection
EndGlobal
